
Microsoft Visual Studio Solution File, Format Version 12.00
# Visual Studio 15
VisualStudioVersion = 15.0.28307.572
MinimumVisualStudioVersion = 10.0.40219.1
Project("{FAE04EC0-301F-11D3-BF4B-00C04F79EFBC}") = "ResizableCells.Android", "ResizableCells\ResizableCells.Android\ResizableCells.Android.csproj", "{2D538D20-919F-47EF-852B-5F1D6BBF0ACF}"
EndProject
Project("{FAE04EC0-301F-11D3-BF4B-00C04F79EFBC}") = "ResizableCells.iOS", "ResizableCells\ResizableCells.iOS\ResizableCells.iOS.csproj", "{8EA28ED7-8D63-45EB-9E0B-DDF4193E8C47}"
EndProject
Project("{FAE04EC0-301F-11D3-BF4B-00C04F79EFBC}") = "ResizableCells.UWP", "ResizableCells\ResizableCells.UWP\ResizableCells.UWP.csproj", "{C1FBC539-6B9C-4BE6-B593-D06FDCDB93D0}"
EndProject
Project("{FAE04EC0-301F-11D3-BF4B-00C04F79EFBC}") = "ResizableCells", "ResizableCells\ResizableCells\ResizableCells.csproj", "{27ED1CC4-D356-4A57-9E93-3FCEDD773B05}"
EndProject
Global
	GlobalSection(SolutionConfigurationPlatforms) = preSolution
		Ad-Hoc|Any CPU = Ad-Hoc|Any CPU
		Ad-Hoc|ARM = Ad-Hoc|ARM
		Ad-Hoc|iPhone = Ad-Hoc|iPhone
		Ad-Hoc|iPhoneSimulator = Ad-Hoc|iPhoneSimulator
		Ad-Hoc|x64 = Ad-Hoc|x64
		Ad-Hoc|x86 = Ad-Hoc|x86
		AppStore|Any CPU = AppStore|Any CPU
		AppStore|ARM = AppStore|ARM
		AppStore|iPhone = AppStore|iPhone
		AppStore|iPhoneSimulator = AppStore|iPhoneSimulator
		AppStore|x64 = AppStore|x64
		AppStore|x86 = AppStore|x86
		Debug|Any CPU = Debug|Any CPU
		Debug|ARM = Debug|ARM
		Debug|iPhone = Debug|iPhone
		Debug|iPhoneSimulator = Debug|iPhoneSimulator
		Debug|x64 = Debug|x64
		Debug|x86 = Debug|x86
		Release|Any CPU = Release|Any CPU
		Release|ARM = Release|ARM
		Release|iPhone = Release|iPhone
		Release|iPhoneSimulator = Release|iPhoneSimulator
		Release|x64 = Release|x64
		Release|x86 = Release|x86
	EndGlobalSection
	GlobalSection(ProjectConfigurationPlatforms) = postSolution
		{2D538D20-919F-47EF-852B-5F1D6BBF0ACF}.Ad-Hoc|Any CPU.ActiveCfg = Release|Any CPU
		{2D538D20-919F-47EF-852B-5F1D6BBF0ACF}.Ad-Hoc|Any CPU.Build.0 = Release|Any CPU
		{2D538D20-919F-47EF-852B-5F1D6BBF0ACF}.Ad-Hoc|Any CPU.Deploy.0 = Release|Any CPU
		{2D538D20-919F-47EF-852B-5F1D6BBF0ACF}.Ad-Hoc|ARM.ActiveCfg = Release|Any CPU
		{2D538D20-919F-47EF-852B-5F1D6BBF0ACF}.Ad-Hoc|ARM.Build.0 = Release|Any CPU
		{2D538D20-919F-47EF-852B-5F1D6BBF0ACF}.Ad-Hoc|ARM.Deploy.0 = Release|Any CPU
		{2D538D20-919F-47EF-852B-5F1D6BBF0ACF}.Ad-Hoc|iPhone.ActiveCfg = Release|Any CPU
		{2D538D20-919F-47EF-852B-5F1D6BBF0ACF}.Ad-Hoc|iPhone.Build.0 = Release|Any CPU
		{2D538D20-919F-47EF-852B-5F1D6BBF0ACF}.Ad-Hoc|iPhone.Deploy.0 = Release|Any CPU
		{2D538D20-919F-47EF-852B-5F1D6BBF0ACF}.Ad-Hoc|iPhoneSimulator.ActiveCfg = Release|Any CPU
		{2D538D20-919F-47EF-852B-5F1D6BBF0ACF}.Ad-Hoc|iPhoneSimulator.Build.0 = Release|Any CPU
		{2D538D20-919F-47EF-852B-5F1D6BBF0ACF}.Ad-Hoc|iPhoneSimulator.Deploy.0 = Release|Any CPU
		{2D538D20-919F-47EF-852B-5F1D6BBF0ACF}.Ad-Hoc|x64.ActiveCfg = Release|Any CPU
		{2D538D20-919F-47EF-852B-5F1D6BBF0ACF}.Ad-Hoc|x64.Build.0 = Release|Any CPU
		{2D538D20-919F-47EF-852B-5F1D6BBF0ACF}.Ad-Hoc|x64.Deploy.0 = Release|Any CPU
		{2D538D20-919F-47EF-852B-5F1D6BBF0ACF}.Ad-Hoc|x86.ActiveCfg = Release|Any CPU
		{2D538D20-919F-47EF-852B-5F1D6BBF0ACF}.Ad-Hoc|x86.Build.0 = Release|Any CPU
		{2D538D20-919F-47EF-852B-5F1D6BBF0ACF}.Ad-Hoc|x86.Deploy.0 = Release|Any CPU
		{2D538D20-919F-47EF-852B-5F1D6BBF0ACF}.AppStore|Any CPU.ActiveCfg = Release|Any CPU
		{2D538D20-919F-47EF-852B-5F1D6BBF0ACF}.AppStore|Any CPU.Build.0 = Release|Any CPU
		{2D538D20-919F-47EF-852B-5F1D6BBF0ACF}.AppStore|Any CPU.Deploy.0 = Release|Any CPU
		{2D538D20-919F-47EF-852B-5F1D6BBF0ACF}.AppStore|ARM.ActiveCfg = Release|Any CPU
		{2D538D20-919F-47EF-852B-5F1D6BBF0ACF}.AppStore|ARM.Build.0 = Release|Any CPU
		{2D538D20-919F-47EF-852B-5F1D6BBF0ACF}.AppStore|ARM.Deploy.0 = Release|Any CPU
		{2D538D20-919F-47EF-852B-5F1D6BBF0ACF}.AppStore|iPhone.ActiveCfg = Release|Any CPU
		{2D538D20-919F-47EF-852B-5F1D6BBF0ACF}.AppStore|iPhone.Build.0 = Release|Any CPU
		{2D538D20-919F-47EF-852B-5F1D6BBF0ACF}.AppStore|iPhone.Deploy.0 = Release|Any CPU
		{2D538D20-919F-47EF-852B-5F1D6BBF0ACF}.AppStore|iPhoneSimulator.ActiveCfg = Release|Any CPU
		{2D538D20-919F-47EF-852B-5F1D6BBF0ACF}.AppStore|iPhoneSimulator.Build.0 = Release|Any CPU
		{2D538D20-919F-47EF-852B-5F1D6BBF0ACF}.AppStore|iPhoneSimulator.Deploy.0 = Release|Any CPU
		{2D538D20-919F-47EF-852B-5F1D6BBF0ACF}.AppStore|x64.ActiveCfg = Release|Any CPU
		{2D538D20-919F-47EF-852B-5F1D6BBF0ACF}.AppStore|x64.Build.0 = Release|Any CPU
		{2D538D20-919F-47EF-852B-5F1D6BBF0ACF}.AppStore|x64.Deploy.0 = Release|Any CPU
		{2D538D20-919F-47EF-852B-5F1D6BBF0ACF}.AppStore|x86.ActiveCfg = Release|Any CPU
		{2D538D20-919F-47EF-852B-5F1D6BBF0ACF}.AppStore|x86.Build.0 = Release|Any CPU
		{2D538D20-919F-47EF-852B-5F1D6BBF0ACF}.AppStore|x86.Deploy.0 = Release|Any CPU
		{2D538D20-919F-47EF-852B-5F1D6BBF0ACF}.Debug|Any CPU.ActiveCfg = Debug|Any CPU
		{2D538D20-919F-47EF-852B-5F1D6BBF0ACF}.Debug|Any CPU.Build.0 = Debug|Any CPU
		{2D538D20-919F-47EF-852B-5F1D6BBF0ACF}.Debug|Any CPU.Deploy.0 = Debug|Any CPU
		{2D538D20-919F-47EF-852B-5F1D6BBF0ACF}.Debug|ARM.ActiveCfg = Debug|Any CPU
		{2D538D20-919F-47EF-852B-5F1D6BBF0ACF}.Debug|ARM.Build.0 = Debug|Any CPU
		{2D538D20-919F-47EF-852B-5F1D6BBF0ACF}.Debug|ARM.Deploy.0 = Debug|Any CPU
		{2D538D20-919F-47EF-852B-5F1D6BBF0ACF}.Debug|iPhone.ActiveCfg = Debug|Any CPU
		{2D538D20-919F-47EF-852B-5F1D6BBF0ACF}.Debug|iPhone.Build.0 = Debug|Any CPU
		{2D538D20-919F-47EF-852B-5F1D6BBF0ACF}.Debug|iPhone.Deploy.0 = Debug|Any CPU
		{2D538D20-919F-47EF-852B-5F1D6BBF0ACF}.Debug|iPhoneSimulator.ActiveCfg = Debug|Any CPU
		{2D538D20-919F-47EF-852B-5F1D6BBF0ACF}.Debug|iPhoneSimulator.Build.0 = Debug|Any CPU
		{2D538D20-919F-47EF-852B-5F1D6BBF0ACF}.Debug|iPhoneSimulator.Deploy.0 = Debug|Any CPU
		{2D538D20-919F-47EF-852B-5F1D6BBF0ACF}.Debug|x64.ActiveCfg = Debug|Any CPU
		{2D538D20-919F-47EF-852B-5F1D6BBF0ACF}.Debug|x64.Build.0 = Debug|Any CPU
		{2D538D20-919F-47EF-852B-5F1D6BBF0ACF}.Debug|x64.Deploy.0 = Debug|Any CPU
		{2D538D20-919F-47EF-852B-5F1D6BBF0ACF}.Debug|x86.ActiveCfg = Debug|Any CPU
		{2D538D20-919F-47EF-852B-5F1D6BBF0ACF}.Debug|x86.Build.0 = Debug|Any CPU
		{2D538D20-919F-47EF-852B-5F1D6BBF0ACF}.Debug|x86.Deploy.0 = Debug|Any CPU
		{2D538D20-919F-47EF-852B-5F1D6BBF0ACF}.Release|Any CPU.ActiveCfg = Release|Any CPU
		{2D538D20-919F-47EF-852B-5F1D6BBF0ACF}.Release|Any CPU.Build.0 = Release|Any CPU
		{2D538D20-919F-47EF-852B-5F1D6BBF0ACF}.Release|Any CPU.Deploy.0 = Release|Any CPU
		{2D538D20-919F-47EF-852B-5F1D6BBF0ACF}.Release|ARM.ActiveCfg = Release|Any CPU
		{2D538D20-919F-47EF-852B-5F1D6BBF0ACF}.Release|ARM.Build.0 = Release|Any CPU
		{2D538D20-919F-47EF-852B-5F1D6BBF0ACF}.Release|ARM.Deploy.0 = Release|Any CPU
		{2D538D20-919F-47EF-852B-5F1D6BBF0ACF}.Release|iPhone.ActiveCfg = Release|Any CPU
		{2D538D20-919F-47EF-852B-5F1D6BBF0ACF}.Release|iPhone.Build.0 = Release|Any CPU
		{2D538D20-919F-47EF-852B-5F1D6BBF0ACF}.Release|iPhone.Deploy.0 = Release|Any CPU
		{2D538D20-919F-47EF-852B-5F1D6BBF0ACF}.Release|iPhoneSimulator.ActiveCfg = Release|Any CPU
		{2D538D20-919F-47EF-852B-5F1D6BBF0ACF}.Release|iPhoneSimulator.Build.0 = Release|Any CPU
		{2D538D20-919F-47EF-852B-5F1D6BBF0ACF}.Release|iPhoneSimulator.Deploy.0 = Release|Any CPU
		{2D538D20-919F-47EF-852B-5F1D6BBF0ACF}.Release|x64.ActiveCfg = Release|Any CPU
		{2D538D20-919F-47EF-852B-5F1D6BBF0ACF}.Release|x64.Build.0 = Release|Any CPU
		{2D538D20-919F-47EF-852B-5F1D6BBF0ACF}.Release|x64.Deploy.0 = Release|Any CPU
		{2D538D20-919F-47EF-852B-5F1D6BBF0ACF}.Release|x86.ActiveCfg = Release|Any CPU
		{2D538D20-919F-47EF-852B-5F1D6BBF0ACF}.Release|x86.Build.0 = Release|Any CPU
		{2D538D20-919F-47EF-852B-5F1D6BBF0ACF}.Release|x86.Deploy.0 = Release|Any CPU
		{8EA28ED7-8D63-45EB-9E0B-DDF4193E8C47}.Ad-Hoc|Any CPU.ActiveCfg = Ad-Hoc|iPhone
		{8EA28ED7-8D63-45EB-9E0B-DDF4193E8C47}.Ad-Hoc|Any CPU.Build.0 = Ad-Hoc|iPhone
		{8EA28ED7-8D63-45EB-9E0B-DDF4193E8C47}.Ad-Hoc|Any CPU.Deploy.0 = Ad-Hoc|iPhone
		{8EA28ED7-8D63-45EB-9E0B-DDF4193E8C47}.Ad-Hoc|ARM.ActiveCfg = Ad-Hoc|iPhone
		{8EA28ED7-8D63-45EB-9E0B-DDF4193E8C47}.Ad-Hoc|ARM.Build.0 = Ad-Hoc|iPhone
		{8EA28ED7-8D63-45EB-9E0B-DDF4193E8C47}.Ad-Hoc|ARM.Deploy.0 = Ad-Hoc|iPhone
		{8EA28ED7-8D63-45EB-9E0B-DDF4193E8C47}.Ad-Hoc|iPhone.ActiveCfg = Ad-Hoc|iPhone
		{8EA28ED7-8D63-45EB-9E0B-DDF4193E8C47}.Ad-Hoc|iPhone.Build.0 = Ad-Hoc|iPhone
		{8EA28ED7-8D63-45EB-9E0B-DDF4193E8C47}.Ad-Hoc|iPhone.Deploy.0 = Ad-Hoc|iPhone
		{8EA28ED7-8D63-45EB-9E0B-DDF4193E8C47}.Ad-Hoc|iPhoneSimulator.ActiveCfg = Ad-Hoc|iPhoneSimulator
		{8EA28ED7-8D63-45EB-9E0B-DDF4193E8C47}.Ad-Hoc|iPhoneSimulator.Build.0 = Ad-Hoc|iPhoneSimulator
		{8EA28ED7-8D63-45EB-9E0B-DDF4193E8C47}.Ad-Hoc|iPhoneSimulator.Deploy.0 = Ad-Hoc|iPhoneSimulator
		{8EA28ED7-8D63-45EB-9E0B-DDF4193E8C47}.Ad-Hoc|x64.ActiveCfg = Ad-Hoc|iPhone
		{8EA28ED7-8D63-45EB-9E0B-DDF4193E8C47}.Ad-Hoc|x64.Build.0 = Ad-Hoc|iPhone
		{8EA28ED7-8D63-45EB-9E0B-DDF4193E8C47}.Ad-Hoc|x64.Deploy.0 = Ad-Hoc|iPhone
		{8EA28ED7-8D63-45EB-9E0B-DDF4193E8C47}.Ad-Hoc|x86.ActiveCfg = Ad-Hoc|iPhone
		{8EA28ED7-8D63-45EB-9E0B-DDF4193E8C47}.Ad-Hoc|x86.Build.0 = Ad-Hoc|iPhone
		{8EA28ED7-8D63-45EB-9E0B-DDF4193E8C47}.Ad-Hoc|x86.Deploy.0 = Ad-Hoc|iPhone
		{8EA28ED7-8D63-45EB-9E0B-DDF4193E8C47}.AppStore|Any CPU.ActiveCfg = AppStore|iPhone
		{8EA28ED7-8D63-45EB-9E0B-DDF4193E8C47}.AppStore|Any CPU.Build.0 = AppStore|iPhone
		{8EA28ED7-8D63-45EB-9E0B-DDF4193E8C47}.AppStore|Any CPU.Deploy.0 = AppStore|iPhone
		{8EA28ED7-8D63-45EB-9E0B-DDF4193E8C47}.AppStore|ARM.ActiveCfg = AppStore|iPhone
		{8EA28ED7-8D63-45EB-9E0B-DDF4193E8C47}.AppStore|ARM.Build.0 = AppStore|iPhone
		{8EA28ED7-8D63-45EB-9E0B-DDF4193E8C47}.AppStore|ARM.Deploy.0 = AppStore|iPhone
		{8EA28ED7-8D63-45EB-9E0B-DDF4193E8C47}.AppStore|iPhone.ActiveCfg = AppStore|iPhone
		{8EA28ED7-8D63-45EB-9E0B-DDF4193E8C47}.AppStore|iPhone.Build.0 = AppStore|iPhone
		{8EA28ED7-8D63-45EB-9E0B-DDF4193E8C47}.AppStore|iPhone.Deploy.0 = AppStore|iPhone
		{8EA28ED7-8D63-45EB-9E0B-DDF4193E8C47}.AppStore|iPhoneSimulator.ActiveCfg = AppStore|iPhoneSimulator
		{8EA28ED7-8D63-45EB-9E0B-DDF4193E8C47}.AppStore|iPhoneSimulator.Build.0 = AppStore|iPhoneSimulator
		{8EA28ED7-8D63-45EB-9E0B-DDF4193E8C47}.AppStore|iPhoneSimulator.Deploy.0 = AppStore|iPhoneSimulator
		{8EA28ED7-8D63-45EB-9E0B-DDF4193E8C47}.AppStore|x64.ActiveCfg = AppStore|iPhone
		{8EA28ED7-8D63-45EB-9E0B-DDF4193E8C47}.AppStore|x64.Build.0 = AppStore|iPhone
		{8EA28ED7-8D63-45EB-9E0B-DDF4193E8C47}.AppStore|x64.Deploy.0 = AppStore|iPhone
		{8EA28ED7-8D63-45EB-9E0B-DDF4193E8C47}.AppStore|x86.ActiveCfg = AppStore|iPhone
		{8EA28ED7-8D63-45EB-9E0B-DDF4193E8C47}.AppStore|x86.Build.0 = AppStore|iPhone
		{8EA28ED7-8D63-45EB-9E0B-DDF4193E8C47}.AppStore|x86.Deploy.0 = AppStore|iPhone
		{8EA28ED7-8D63-45EB-9E0B-DDF4193E8C47}.Debug|Any CPU.ActiveCfg = Debug|iPhoneSimulator
		{8EA28ED7-8D63-45EB-9E0B-DDF4193E8C47}.Debug|Any CPU.Build.0 = Debug|iPhoneSimulator
		{8EA28ED7-8D63-45EB-9E0B-DDF4193E8C47}.Debug|Any CPU.Deploy.0 = Debug|iPhoneSimulator
		{8EA28ED7-8D63-45EB-9E0B-DDF4193E8C47}.Debug|ARM.ActiveCfg = Debug|iPhone
		{8EA28ED7-8D63-45EB-9E0B-DDF4193E8C47}.Debug|ARM.Build.0 = Debug|iPhone
		{8EA28ED7-8D63-45EB-9E0B-DDF4193E8C47}.Debug|ARM.Deploy.0 = Debug|iPhone
		{8EA28ED7-8D63-45EB-9E0B-DDF4193E8C47}.Debug|iPhone.ActiveCfg = Debug|iPhone
		{8EA28ED7-8D63-45EB-9E0B-DDF4193E8C47}.Debug|iPhone.Build.0 = Debug|iPhone
		{8EA28ED7-8D63-45EB-9E0B-DDF4193E8C47}.Debug|iPhone.Deploy.0 = Debug|iPhone
		{8EA28ED7-8D63-45EB-9E0B-DDF4193E8C47}.Debug|iPhoneSimulator.ActiveCfg = Debug|iPhoneSimulator
		{8EA28ED7-8D63-45EB-9E0B-DDF4193E8C47}.Debug|iPhoneSimulator.Build.0 = Debug|iPhoneSimulator
		{8EA28ED7-8D63-45EB-9E0B-DDF4193E8C47}.Debug|iPhoneSimulator.Deploy.0 = Debug|iPhoneSimulator
		{8EA28ED7-8D63-45EB-9E0B-DDF4193E8C47}.Debug|x64.ActiveCfg = Debug|iPhone
		{8EA28ED7-8D63-45EB-9E0B-DDF4193E8C47}.Debug|x64.Build.0 = Debug|iPhone
		{8EA28ED7-8D63-45EB-9E0B-DDF4193E8C47}.Debug|x64.Deploy.0 = Debug|iPhone
		{8EA28ED7-8D63-45EB-9E0B-DDF4193E8C47}.Debug|x86.ActiveCfg = Debug|iPhone
		{8EA28ED7-8D63-45EB-9E0B-DDF4193E8C47}.Debug|x86.Build.0 = Debug|iPhone
		{8EA28ED7-8D63-45EB-9E0B-DDF4193E8C47}.Debug|x86.Deploy.0 = Debug|iPhone
		{8EA28ED7-8D63-45EB-9E0B-DDF4193E8C47}.Release|Any CPU.ActiveCfg = Release|iPhone
		{8EA28ED7-8D63-45EB-9E0B-DDF4193E8C47}.Release|Any CPU.Build.0 = Release|iPhone
		{8EA28ED7-8D63-45EB-9E0B-DDF4193E8C47}.Release|Any CPU.Deploy.0 = Release|iPhone
		{8EA28ED7-8D63-45EB-9E0B-DDF4193E8C47}.Release|ARM.ActiveCfg = Release|iPhone
		{8EA28ED7-8D63-45EB-9E0B-DDF4193E8C47}.Release|ARM.Build.0 = Release|iPhone
		{8EA28ED7-8D63-45EB-9E0B-DDF4193E8C47}.Release|ARM.Deploy.0 = Release|iPhone
		{8EA28ED7-8D63-45EB-9E0B-DDF4193E8C47}.Release|iPhone.ActiveCfg = Release|iPhone
		{8EA28ED7-8D63-45EB-9E0B-DDF4193E8C47}.Release|iPhone.Build.0 = Release|iPhone
		{8EA28ED7-8D63-45EB-9E0B-DDF4193E8C47}.Release|iPhone.Deploy.0 = Release|iPhone
		{8EA28ED7-8D63-45EB-9E0B-DDF4193E8C47}.Release|iPhoneSimulator.ActiveCfg = Release|iPhoneSimulator
		{8EA28ED7-8D63-45EB-9E0B-DDF4193E8C47}.Release|iPhoneSimulator.Build.0 = Release|iPhoneSimulator
		{8EA28ED7-8D63-45EB-9E0B-DDF4193E8C47}.Release|iPhoneSimulator.Deploy.0 = Release|iPhoneSimulator
		{8EA28ED7-8D63-45EB-9E0B-DDF4193E8C47}.Release|x64.ActiveCfg = Release|iPhone
		{8EA28ED7-8D63-45EB-9E0B-DDF4193E8C47}.Release|x64.Build.0 = Release|iPhone
		{8EA28ED7-8D63-45EB-9E0B-DDF4193E8C47}.Release|x64.Deploy.0 = Release|iPhone
		{8EA28ED7-8D63-45EB-9E0B-DDF4193E8C47}.Release|x86.ActiveCfg = Release|iPhone
		{8EA28ED7-8D63-45EB-9E0B-DDF4193E8C47}.Release|x86.Build.0 = Release|iPhone
		{8EA28ED7-8D63-45EB-9E0B-DDF4193E8C47}.Release|x86.Deploy.0 = Release|iPhone
		{C1FBC539-6B9C-4BE6-B593-D06FDCDB93D0}.Ad-Hoc|Any CPU.ActiveCfg = Release|x86
		{C1FBC539-6B9C-4BE6-B593-D06FDCDB93D0}.Ad-Hoc|Any CPU.Build.0 = Release|x86
		{C1FBC539-6B9C-4BE6-B593-D06FDCDB93D0}.Ad-Hoc|Any CPU.Deploy.0 = Release|x86
		{C1FBC539-6B9C-4BE6-B593-D06FDCDB93D0}.Ad-Hoc|ARM.ActiveCfg = Release|ARM
		{C1FBC539-6B9C-4BE6-B593-D06FDCDB93D0}.Ad-Hoc|ARM.Build.0 = Release|ARM
		{C1FBC539-6B9C-4BE6-B593-D06FDCDB93D0}.Ad-Hoc|ARM.Deploy.0 = Release|ARM
		{C1FBC539-6B9C-4BE6-B593-D06FDCDB93D0}.Ad-Hoc|iPhone.ActiveCfg = Release|x86
		{C1FBC539-6B9C-4BE6-B593-D06FDCDB93D0}.Ad-Hoc|iPhone.Build.0 = Release|x86
		{C1FBC539-6B9C-4BE6-B593-D06FDCDB93D0}.Ad-Hoc|iPhone.Deploy.0 = Release|x86
		{C1FBC539-6B9C-4BE6-B593-D06FDCDB93D0}.Ad-Hoc|iPhoneSimulator.ActiveCfg = Release|x86
		{C1FBC539-6B9C-4BE6-B593-D06FDCDB93D0}.Ad-Hoc|iPhoneSimulator.Build.0 = Release|x86
		{C1FBC539-6B9C-4BE6-B593-D06FDCDB93D0}.Ad-Hoc|iPhoneSimulator.Deploy.0 = Release|x86
		{C1FBC539-6B9C-4BE6-B593-D06FDCDB93D0}.Ad-Hoc|x64.ActiveCfg = Release|x64
		{C1FBC539-6B9C-4BE6-B593-D06FDCDB93D0}.Ad-Hoc|x64.Build.0 = Release|x64
		{C1FBC539-6B9C-4BE6-B593-D06FDCDB93D0}.Ad-Hoc|x64.Deploy.0 = Release|x64
		{C1FBC539-6B9C-4BE6-B593-D06FDCDB93D0}.Ad-Hoc|x86.ActiveCfg = Release|x86
		{C1FBC539-6B9C-4BE6-B593-D06FDCDB93D0}.Ad-Hoc|x86.Build.0 = Release|x86
		{C1FBC539-6B9C-4BE6-B593-D06FDCDB93D0}.Ad-Hoc|x86.Deploy.0 = Release|x86
		{C1FBC539-6B9C-4BE6-B593-D06FDCDB93D0}.AppStore|Any CPU.ActiveCfg = Release|x86
		{C1FBC539-6B9C-4BE6-B593-D06FDCDB93D0}.AppStore|Any CPU.Build.0 = Release|x86
		{C1FBC539-6B9C-4BE6-B593-D06FDCDB93D0}.AppStore|Any CPU.Deploy.0 = Release|x86
		{C1FBC539-6B9C-4BE6-B593-D06FDCDB93D0}.AppStore|ARM.ActiveCfg = Release|ARM
		{C1FBC539-6B9C-4BE6-B593-D06FDCDB93D0}.AppStore|ARM.Build.0 = Release|ARM
		{C1FBC539-6B9C-4BE6-B593-D06FDCDB93D0}.AppStore|ARM.Deploy.0 = Release|ARM
		{C1FBC539-6B9C-4BE6-B593-D06FDCDB93D0}.AppStore|iPhone.ActiveCfg = Release|x86
		{C1FBC539-6B9C-4BE6-B593-D06FDCDB93D0}.AppStore|iPhone.Build.0 = Release|x86
		{C1FBC539-6B9C-4BE6-B593-D06FDCDB93D0}.AppStore|iPhone.Deploy.0 = Release|x86
		{C1FBC539-6B9C-4BE6-B593-D06FDCDB93D0}.AppStore|iPhoneSimulator.ActiveCfg = Release|x86
		{C1FBC539-6B9C-4BE6-B593-D06FDCDB93D0}.AppStore|iPhoneSimulator.Build.0 = Release|x86
		{C1FBC539-6B9C-4BE6-B593-D06FDCDB93D0}.AppStore|iPhoneSimulator.Deploy.0 = Release|x86
		{C1FBC539-6B9C-4BE6-B593-D06FDCDB93D0}.AppStore|x64.ActiveCfg = Release|x64
		{C1FBC539-6B9C-4BE6-B593-D06FDCDB93D0}.AppStore|x64.Build.0 = Release|x64
		{C1FBC539-6B9C-4BE6-B593-D06FDCDB93D0}.AppStore|x64.Deploy.0 = Release|x64
		{C1FBC539-6B9C-4BE6-B593-D06FDCDB93D0}.AppStore|x86.ActiveCfg = Release|x86
		{C1FBC539-6B9C-4BE6-B593-D06FDCDB93D0}.AppStore|x86.Build.0 = Release|x86
		{C1FBC539-6B9C-4BE6-B593-D06FDCDB93D0}.AppStore|x86.Deploy.0 = Release|x86
		{C1FBC539-6B9C-4BE6-B593-D06FDCDB93D0}.Debug|Any CPU.ActiveCfg = Debug|x86
		{C1FBC539-6B9C-4BE6-B593-D06FDCDB93D0}.Debug|Any CPU.Build.0 = Debug|x86
		{C1FBC539-6B9C-4BE6-B593-D06FDCDB93D0}.Debug|Any CPU.Deploy.0 = Debug|x86
		{C1FBC539-6B9C-4BE6-B593-D06FDCDB93D0}.Debug|ARM.ActiveCfg = Debug|ARM
		{C1FBC539-6B9C-4BE6-B593-D06FDCDB93D0}.Debug|ARM.Build.0 = Debug|ARM
		{C1FBC539-6B9C-4BE6-B593-D06FDCDB93D0}.Debug|ARM.Deploy.0 = Debug|ARM
		{C1FBC539-6B9C-4BE6-B593-D06FDCDB93D0}.Debug|iPhone.ActiveCfg = Debug|x86
		{C1FBC539-6B9C-4BE6-B593-D06FDCDB93D0}.Debug|iPhone.Build.0 = Debug|x86
		{C1FBC539-6B9C-4BE6-B593-D06FDCDB93D0}.Debug|iPhone.Deploy.0 = Debug|x86
		{C1FBC539-6B9C-4BE6-B593-D06FDCDB93D0}.Debug|iPhoneSimulator.ActiveCfg = Debug|x86
		{C1FBC539-6B9C-4BE6-B593-D06FDCDB93D0}.Debug|iPhoneSimulator.Build.0 = Debug|x86
		{C1FBC539-6B9C-4BE6-B593-D06FDCDB93D0}.Debug|iPhoneSimulator.Deploy.0 = Debug|x86
		{C1FBC539-6B9C-4BE6-B593-D06FDCDB93D0}.Debug|x64.ActiveCfg = Debug|x64
		{C1FBC539-6B9C-4BE6-B593-D06FDCDB93D0}.Debug|x64.Build.0 = Debug|x64
		{C1FBC539-6B9C-4BE6-B593-D06FDCDB93D0}.Debug|x64.Deploy.0 = Debug|x64
		{C1FBC539-6B9C-4BE6-B593-D06FDCDB93D0}.Debug|x86.ActiveCfg = Debug|x86
		{C1FBC539-6B9C-4BE6-B593-D06FDCDB93D0}.Debug|x86.Build.0 = Debug|x86
		{C1FBC539-6B9C-4BE6-B593-D06FDCDB93D0}.Debug|x86.Deploy.0 = Debug|x86
		{C1FBC539-6B9C-4BE6-B593-D06FDCDB93D0}.Release|Any CPU.ActiveCfg = Release|x86
		{C1FBC539-6B9C-4BE6-B593-D06FDCDB93D0}.Release|Any CPU.Build.0 = Release|x86
		{C1FBC539-6B9C-4BE6-B593-D06FDCDB93D0}.Release|Any CPU.Deploy.0 = Release|x86
		{C1FBC539-6B9C-4BE6-B593-D06FDCDB93D0}.Release|ARM.ActiveCfg = Release|ARM
		{C1FBC539-6B9C-4BE6-B593-D06FDCDB93D0}.Release|ARM.Build.0 = Release|ARM
		{C1FBC539-6B9C-4BE6-B593-D06FDCDB93D0}.Release|ARM.Deploy.0 = Release|ARM
		{C1FBC539-6B9C-4BE6-B593-D06FDCDB93D0}.Release|iPhone.ActiveCfg = Release|x86
		{C1FBC539-6B9C-4BE6-B593-D06FDCDB93D0}.Release|iPhone.Build.0 = Release|x86
		{C1FBC539-6B9C-4BE6-B593-D06FDCDB93D0}.Release|iPhone.Deploy.0 = Release|x86
		{C1FBC539-6B9C-4BE6-B593-D06FDCDB93D0}.Release|iPhoneSimulator.ActiveCfg = Release|x86
		{C1FBC539-6B9C-4BE6-B593-D06FDCDB93D0}.Release|iPhoneSimulator.Build.0 = Release|x86
		{C1FBC539-6B9C-4BE6-B593-D06FDCDB93D0}.Release|iPhoneSimulator.Deploy.0 = Release|x86
		{C1FBC539-6B9C-4BE6-B593-D06FDCDB93D0}.Release|x64.ActiveCfg = Release|x64
		{C1FBC539-6B9C-4BE6-B593-D06FDCDB93D0}.Release|x64.Build.0 = Release|x64
		{C1FBC539-6B9C-4BE6-B593-D06FDCDB93D0}.Release|x64.Deploy.0 = Release|x64
		{C1FBC539-6B9C-4BE6-B593-D06FDCDB93D0}.Release|x86.ActiveCfg = Release|x86
		{C1FBC539-6B9C-4BE6-B593-D06FDCDB93D0}.Release|x86.Build.0 = Release|x86
		{C1FBC539-6B9C-4BE6-B593-D06FDCDB93D0}.Release|x86.Deploy.0 = Release|x86
		{27ED1CC4-D356-4A57-9E93-3FCEDD773B05}.Ad-Hoc|Any CPU.ActiveCfg = Debug|Any CPU
		{27ED1CC4-D356-4A57-9E93-3FCEDD773B05}.Ad-Hoc|Any CPU.Build.0 = Debug|Any CPU
		{27ED1CC4-D356-4A57-9E93-3FCEDD773B05}.Ad-Hoc|Any CPU.Deploy.0 = Debug|Any CPU
		{27ED1CC4-D356-4A57-9E93-3FCEDD773B05}.Ad-Hoc|ARM.ActiveCfg = Debug|Any CPU
		{27ED1CC4-D356-4A57-9E93-3FCEDD773B05}.Ad-Hoc|ARM.Build.0 = Debug|Any CPU
		{27ED1CC4-D356-4A57-9E93-3FCEDD773B05}.Ad-Hoc|ARM.Deploy.0 = Debug|Any CPU
		{27ED1CC4-D356-4A57-9E93-3FCEDD773B05}.Ad-Hoc|iPhone.ActiveCfg = Debug|Any CPU
		{27ED1CC4-D356-4A57-9E93-3FCEDD773B05}.Ad-Hoc|iPhone.Build.0 = Debug|Any CPU
		{27ED1CC4-D356-4A57-9E93-3FCEDD773B05}.Ad-Hoc|iPhone.Deploy.0 = Debug|Any CPU
		{27ED1CC4-D356-4A57-9E93-3FCEDD773B05}.Ad-Hoc|iPhoneSimulator.ActiveCfg = Debug|Any CPU
		{27ED1CC4-D356-4A57-9E93-3FCEDD773B05}.Ad-Hoc|iPhoneSimulator.Build.0 = Debug|Any CPU
		{27ED1CC4-D356-4A57-9E93-3FCEDD773B05}.Ad-Hoc|iPhoneSimulator.Deploy.0 = Debug|Any CPU
		{27ED1CC4-D356-4A57-9E93-3FCEDD773B05}.Ad-Hoc|x64.ActiveCfg = Debug|Any CPU
		{27ED1CC4-D356-4A57-9E93-3FCEDD773B05}.Ad-Hoc|x64.Build.0 = Debug|Any CPU
		{27ED1CC4-D356-4A57-9E93-3FCEDD773B05}.Ad-Hoc|x64.Deploy.0 = Debug|Any CPU
		{27ED1CC4-D356-4A57-9E93-3FCEDD773B05}.Ad-Hoc|x86.ActiveCfg = Debug|Any CPU
		{27ED1CC4-D356-4A57-9E93-3FCEDD773B05}.Ad-Hoc|x86.Build.0 = Debug|Any CPU
		{27ED1CC4-D356-4A57-9E93-3FCEDD773B05}.Ad-Hoc|x86.Deploy.0 = Debug|Any CPU
		{27ED1CC4-D356-4A57-9E93-3FCEDD773B05}.AppStore|Any CPU.ActiveCfg = Debug|Any CPU
		{27ED1CC4-D356-4A57-9E93-3FCEDD773B05}.AppStore|Any CPU.Build.0 = Debug|Any CPU
		{27ED1CC4-D356-4A57-9E93-3FCEDD773B05}.AppStore|Any CPU.Deploy.0 = Debug|Any CPU
		{27ED1CC4-D356-4A57-9E93-3FCEDD773B05}.AppStore|ARM.ActiveCfg = Debug|Any CPU
		{27ED1CC4-D356-4A57-9E93-3FCEDD773B05}.AppStore|ARM.Build.0 = Debug|Any CPU
		{27ED1CC4-D356-4A57-9E93-3FCEDD773B05}.AppStore|ARM.Deploy.0 = Debug|Any CPU
		{27ED1CC4-D356-4A57-9E93-3FCEDD773B05}.AppStore|iPhone.ActiveCfg = Debug|Any CPU
		{27ED1CC4-D356-4A57-9E93-3FCEDD773B05}.AppStore|iPhone.Build.0 = Debug|Any CPU
		{27ED1CC4-D356-4A57-9E93-3FCEDD773B05}.AppStore|iPhone.Deploy.0 = Debug|Any CPU
		{27ED1CC4-D356-4A57-9E93-3FCEDD773B05}.AppStore|iPhoneSimulator.ActiveCfg = Debug|Any CPU
		{27ED1CC4-D356-4A57-9E93-3FCEDD773B05}.AppStore|iPhoneSimulator.Build.0 = Debug|Any CPU
		{27ED1CC4-D356-4A57-9E93-3FCEDD773B05}.AppStore|iPhoneSimulator.Deploy.0 = Debug|Any CPU
		{27ED1CC4-D356-4A57-9E93-3FCEDD773B05}.AppStore|x64.ActiveCfg = Debug|Any CPU
		{27ED1CC4-D356-4A57-9E93-3FCEDD773B05}.AppStore|x64.Build.0 = Debug|Any CPU
		{27ED1CC4-D356-4A57-9E93-3FCEDD773B05}.AppStore|x64.Deploy.0 = Debug|Any CPU
		{27ED1CC4-D356-4A57-9E93-3FCEDD773B05}.AppStore|x86.ActiveCfg = Debug|Any CPU
		{27ED1CC4-D356-4A57-9E93-3FCEDD773B05}.AppStore|x86.Build.0 = Debug|Any CPU
		{27ED1CC4-D356-4A57-9E93-3FCEDD773B05}.AppStore|x86.Deploy.0 = Debug|Any CPU
		{27ED1CC4-D356-4A57-9E93-3FCEDD773B05}.Debug|Any CPU.ActiveCfg = Debug|Any CPU
		{27ED1CC4-D356-4A57-9E93-3FCEDD773B05}.Debug|Any CPU.Build.0 = Debug|Any CPU
		{27ED1CC4-D356-4A57-9E93-3FCEDD773B05}.Debug|Any CPU.Deploy.0 = Debug|Any CPU
		{27ED1CC4-D356-4A57-9E93-3FCEDD773B05}.Debug|ARM.ActiveCfg = Debug|Any CPU
		{27ED1CC4-D356-4A57-9E93-3FCEDD773B05}.Debug|ARM.Build.0 = Debug|Any CPU
		{27ED1CC4-D356-4A57-9E93-3FCEDD773B05}.Debug|ARM.Deploy.0 = Debug|Any CPU
		{27ED1CC4-D356-4A57-9E93-3FCEDD773B05}.Debug|iPhone.ActiveCfg = Debug|Any CPU
		{27ED1CC4-D356-4A57-9E93-3FCEDD773B05}.Debug|iPhone.Build.0 = Debug|Any CPU
		{27ED1CC4-D356-4A57-9E93-3FCEDD773B05}.Debug|iPhone.Deploy.0 = Debug|Any CPU
		{27ED1CC4-D356-4A57-9E93-3FCEDD773B05}.Debug|iPhoneSimulator.ActiveCfg = Debug|Any CPU
		{27ED1CC4-D356-4A57-9E93-3FCEDD773B05}.Debug|iPhoneSimulator.Build.0 = Debug|Any CPU
		{27ED1CC4-D356-4A57-9E93-3FCEDD773B05}.Debug|iPhoneSimulator.Deploy.0 = Debug|Any CPU
		{27ED1CC4-D356-4A57-9E93-3FCEDD773B05}.Debug|x64.ActiveCfg = Debug|Any CPU
		{27ED1CC4-D356-4A57-9E93-3FCEDD773B05}.Debug|x64.Build.0 = Debug|Any CPU
		{27ED1CC4-D356-4A57-9E93-3FCEDD773B05}.Debug|x64.Deploy.0 = Debug|Any CPU
		{27ED1CC4-D356-4A57-9E93-3FCEDD773B05}.Debug|x86.ActiveCfg = Debug|Any CPU
		{27ED1CC4-D356-4A57-9E93-3FCEDD773B05}.Debug|x86.Build.0 = Debug|Any CPU
		{27ED1CC4-D356-4A57-9E93-3FCEDD773B05}.Debug|x86.Deploy.0 = Debug|Any CPU
		{27ED1CC4-D356-4A57-9E93-3FCEDD773B05}.Release|Any CPU.ActiveCfg = Release|Any CPU
		{27ED1CC4-D356-4A57-9E93-3FCEDD773B05}.Release|Any CPU.Build.0 = Release|Any CPU
		{27ED1CC4-D356-4A57-9E93-3FCEDD773B05}.Release|Any CPU.Deploy.0 = Release|Any CPU
		{27ED1CC4-D356-4A57-9E93-3FCEDD773B05}.Release|ARM.ActiveCfg = Release|Any CPU
		{27ED1CC4-D356-4A57-9E93-3FCEDD773B05}.Release|ARM.Build.0 = Release|Any CPU
		{27ED1CC4-D356-4A57-9E93-3FCEDD773B05}.Release|ARM.Deploy.0 = Release|Any CPU
		{27ED1CC4-D356-4A57-9E93-3FCEDD773B05}.Release|iPhone.ActiveCfg = Release|Any CPU
		{27ED1CC4-D356-4A57-9E93-3FCEDD773B05}.Release|iPhone.Build.0 = Release|Any CPU
		{27ED1CC4-D356-4A57-9E93-3FCEDD773B05}.Release|iPhone.Deploy.0 = Release|Any CPU
		{27ED1CC4-D356-4A57-9E93-3FCEDD773B05}.Release|iPhoneSimulator.ActiveCfg = Release|Any CPU
		{27ED1CC4-D356-4A57-9E93-3FCEDD773B05}.Release|iPhoneSimulator.Build.0 = Release|Any CPU
		{27ED1CC4-D356-4A57-9E93-3FCEDD773B05}.Release|iPhoneSimulator.Deploy.0 = Release|Any CPU
		{27ED1CC4-D356-4A57-9E93-3FCEDD773B05}.Release|x64.ActiveCfg = Release|Any CPU
		{27ED1CC4-D356-4A57-9E93-3FCEDD773B05}.Release|x64.Build.0 = Release|Any CPU
		{27ED1CC4-D356-4A57-9E93-3FCEDD773B05}.Release|x64.Deploy.0 = Release|Any CPU
		{27ED1CC4-D356-4A57-9E93-3FCEDD773B05}.Release|x86.ActiveCfg = Release|Any CPU
		{27ED1CC4-D356-4A57-9E93-3FCEDD773B05}.Release|x86.Build.0 = Release|Any CPU
		{27ED1CC4-D356-4A57-9E93-3FCEDD773B05}.Release|x86.Deploy.0 = Release|Any CPU
	EndGlobalSection
	GlobalSection(SolutionProperties) = preSolution
		HideSolutionNode = FALSE
	EndGlobalSection
	GlobalSection(ExtensibilityGlobals) = postSolution
		SolutionGuid = {F9FDE09C-FC2A-408A-A787-2B5D709DA139}
	EndGlobalSection
EndGlobal
